# THIS IS AN AUTOGENERATED FILE. DO NOT EDIT THIS FILE DIRECTLY.
# yarn lockfile v1


"@statelyai/inspect@^0.4.0":
  version "0.4.0"
  resolved "https://registry.npmjs.org/@statelyai/inspect/-/inspect-0.4.0.tgz"
  integrity sha512-VxQldRlKYcu6rzLY83RSXVwMYexkH6hNx85B89YWYyXYWtNGaWHFCwV7a/Kz8FFPeUz8EKVAnyMOg2kNpn07wQ==
  dependencies:
    fast-safe-stringify "^2.1.1"
    isomorphic-ws "^5.0.0"
    partysocket "^0.0.25"
    safe-stable-stringify "^2.4.3"
    superjson "^1.13.3"
    uuid "^9.0.1"

"@types/css-modules@^1.0.5":
  version "1.0.5"
  resolved "https://registry.npmjs.org/@types/css-modules/-/css-modules-1.0.5.tgz"
  integrity sha512-oeKafs/df9lwOvtfiXVliZsocFVOexK9PZtLQWuPeuVCFR7jwiqlg60lu80JTe5NFNtH3tnV6Fs/ySR8BUPHAw==

"@types/webrtc@^0.0.37":
  version "0.0.37"
  resolved "https://registry.npmjs.org/@types/webrtc/-/webrtc-0.0.37.tgz"
  integrity sha512-JGAJC/ZZDhcrrmepU4sPLQLIOIAgs5oIK+Ieq90K8fdaNMhfdfqmYatJdgif1NDQtvrSlTOGJDUYHIDunuufOg==

"@xstate/react@^5.0.4":
  version "5.0.4"
  resolved "https://registry.npmjs.org/@xstate/react/-/react-5.0.4.tgz"
  integrity sha512-VZTG0p2dYGDZvV7zuU7mwnhu158h9KFhXCCpkd/p9l54EjUo8OZ6w7lsezpF51rVSqejazFsnZ0HDFzj/eG2Xg==
  dependencies:
    use-isomorphic-layout-effect "^1.1.2"
    use-sync-external-store "^1.2.0"

agent-base@^6.0.1:
  version "6.0.2"
  resolved "https://registry.npmjs.org/agent-base/-/agent-base-6.0.2.tgz"
  integrity sha512-RZNwNclF7+MS/8bDg70amg32dyeZGZxiDuQmZxKLAlQjr3jGyLx+4Kkk58UO7D2QdgFIQCovuSuZESne6RG6XQ==
  dependencies:
    debug "4"

agent-base@5:
  version "5.1.1"
  resolved "https://registry.npmjs.org/agent-base/-/agent-base-5.1.1.tgz"
  integrity sha512-TMeqbNl2fMW0nMjTEPOwe3J/PRFP4vqeoNuQMG0HlMrtm5QxKqdvAkZ1pRBQ/ulIyDD5Yq0nJ7YbdD8ey0TO3g==

base64-arraybuffer@^1.0.2:
  version "1.0.2"
  resolved "https://registry.npmjs.org/base64-arraybuffer/-/base64-arraybuffer-1.0.2.tgz"
  integrity sha512-I3yl4r9QB5ZRY3XuJVEPfc2XhZO6YweFPI+UovAzn+8/hb3oJ6lnysaFcjVpkCPfVWFUDvoZ8kmVDP7WyRtYtQ==

bent@^7.3.12:
  version "7.3.12"
  resolved "https://registry.npmjs.org/bent/-/bent-7.3.12.tgz"
  integrity sha512-T3yrKnVGB63zRuoco/7Ybl7BwwGZR0lceoVG5XmQyMIH9s19SV5m+a8qam4if0zQuAmOQTyPTPmsQBdAorGK3w==
  dependencies:
    bytesish "^0.4.1"
    caseless "~0.12.0"
    is-stream "^2.0.0"

bytesish@^0.4.1:
  version "0.4.4"
  resolved "https://registry.npmjs.org/bytesish/-/bytesish-0.4.4.tgz"
  integrity sha512-i4uu6M4zuMUiyfZN4RU2+i9+peJh//pXhd9x1oSe1LBkZ3LEbCoygu8W0bXTukU1Jme2txKuotpCZRaC3FLxcQ==

caseless@~0.12.0:
  version "0.12.0"
  resolved "https://registry.npmjs.org/caseless/-/caseless-0.12.0.tgz"
  integrity sha512-4tYFyifaFfGacoiObjJegolkwSU4xQNGbVgUiNYVUxbQ2x2lUsFvY4hVgVzGiIe6WLOPqycWXA40l+PWsxthUw==

copy-anything@^3.0.2:
  version "3.0.5"
  resolved "https://registry.npmjs.org/copy-anything/-/copy-anything-3.0.5.tgz"
  integrity sha512-yCEafptTtb4bk7GLEQoM8KVJpxAfdBJYaXyzQEgQQQgYrZiDp8SJmGKlYza6CYjEDNstAdNdKA3UuoULlEbS6w==
  dependencies:
    is-what "^4.1.8"

debug@4:
  version "4.4.0"
  resolved "https://registry.npmjs.org/debug/-/debug-4.4.0.tgz"
  integrity sha512-6WTZ/IxCY/T6BALoZHaE4ctp9xm+Z5kY/pzYaCHRFeyVhojxlrm+46y68HA6hr0TcwEssoxNiDEUJQjfPZ/RYA==
  dependencies:
    ms "^2.1.3"

event-as-promise@^2.0.0:
  version "2.0.0"
  resolved "https://registry.npmjs.org/event-as-promise/-/event-as-promise-2.0.0.tgz"
  integrity sha512-veBES20Er4NLmbcpvTJxmdSeQt1YP+NmK/6CKlx2kkkitCZ0gRYi/Q6iwx5iwBBeHdGcD4W4uHxitv6oPB2X3A==
  dependencies:
    event-as-promise "^2.0.0"

event-target-shim@^6.0.2:
  version "6.0.2"
  resolved "https://registry.npmjs.org/event-target-shim/-/event-target-shim-6.0.2.tgz"
  integrity sha512-8q3LsZjRezbFZ2PN+uP+Q7pnHUMmAOziU2vA2OwoFaKIXxlxl38IylhSSgUorWu/rf4er67w0ikBqjBFk/pomA==

fast-safe-stringify@^2.1.1:
  version "2.1.1"
  resolved "https://registry.npmjs.org/fast-safe-stringify/-/fast-safe-stringify-2.1.1.tgz"
  integrity sha512-W+KJc2dmILlPplD/H4K9l9LcAHAfPtP6BY84uVLXQ6Evcz9Lcg33Y2z1IVblT6xdY54PXYVHEv+0Wpq8Io6zkA==

https-proxy-agent@^4.0.0:
  version "4.0.0"
  resolved "https://registry.npmjs.org/https-proxy-agent/-/https-proxy-agent-4.0.0.tgz"
  integrity sha512-zoDhWrkR3of1l9QAL8/scJZyLu8j/gBkcwcaQOZh7Gyh/+uJQzGVETdgT30akuwkpL8HTRfssqI3BZuV18teDg==
  dependencies:
    agent-base "5"
    debug "4"

is-stream@^2.0.0:
  version "2.0.1"
  resolved "https://registry.npmjs.org/is-stream/-/is-stream-2.0.1.tgz"
  integrity sha512-hFoiJiTl63nn+kstHGBtewWSKnQLpyb155KHheA1l39uvtO9nWIop1p3udqPcUd/xbF1VLMO4n7OI6p7RbngDg==

is-what@^4.1.8:
  version "4.1.16"
  resolved "https://registry.npmjs.org/is-what/-/is-what-4.1.16.tgz"
  integrity sha512-ZhMwEosbFJkA0YhFnNDgTM4ZxDRsS6HqTo7qsZM08fehyRYIYa0yHu5R6mgo1n/8MgaPBXiPimPD77baVFYg+A==

isomorphic-ws@^5.0.0:
  version "5.0.0"
  resolved "https://registry.npmjs.org/isomorphic-ws/-/isomorphic-ws-5.0.0.tgz"
  integrity sha512-muId7Zzn9ywDsyXgTIafTry2sV3nySZeUDe6YedVd1Hvuuep5AsIlqK+XefWpYTyJG5e503F2xIuT2lcU6rCSw==

memoize-one@^6.0.0:
  version "6.0.0"
  resolved "https://registry.npmjs.org/memoize-one/-/memoize-one-6.0.0.tgz"
  integrity sha512-rkpe71W0N0c0Xz6QD0eJETuWAJGnJ9afsl1srmwPrI+yBCkge5EycXXbYRyvL29zZVUWQCY7InPRCv3GDXuZNw==

microsoft-cognitiveservices-speech-sdk@^1.17.0, microsoft-cognitiveservices-speech-sdk@^1.43.1:
  version "1.43.1"
  resolved "https://registry.npmjs.org/microsoft-cognitiveservices-speech-sdk/-/microsoft-cognitiveservices-speech-sdk-1.43.1.tgz"
  integrity sha512-xO/rlhNSodzCNBtlA3edXDO0+8Q2tMG96nNsjE0JiyAR4Ul/qsZtM4iggTSi+Zax3JtYzrH7W+7349vdpJNaTA==
  dependencies:
    "@types/webrtc" "^0.0.37"
    agent-base "^6.0.1"
    bent "^7.3.12"
    https-proxy-agent "^4.0.0"
    uuid "^9.0.0"
    ws "^7.5.6"

ms@^2.1.3:
  version "2.1.3"
  resolved "https://registry.npmjs.org/ms/-/ms-2.1.3.tgz"
  integrity sha512-6FlzubTLZG3J2a/NVCAleEhjzq5oxgHyaCU9yYXvcLsvoVaHJq/s5xXI6/XXP6tz7R9xAOtHnSO/tXtF3WRTlA==

on-error-resume-next@^2.0.2:
  version "2.0.2"
  resolved "https://registry.npmjs.org/on-error-resume-next/-/on-error-resume-next-2.0.2.tgz"
  integrity sha512-xGi+R6gp5OyWz/BbGIxyXbdcaGl0SFjvCyC0HgquupNC5t15L+7B/KYwLQ47EPRfpegmX0uOa85GAj4NO4Ujlg==
  dependencies:
    on-error-resume-next "^2.0.2"

partysocket@^0.0.25:
  version "0.0.25"
  resolved "https://registry.npmjs.org/partysocket/-/partysocket-0.0.25.tgz"
  integrity sha512-1oCGA65fydX/FgdnsiBh68buOvfxuteoZVSb3Paci2kRp/7lhF0HyA8EDb5X/O6FxId1e+usPTQNRuzFEvkJbQ==
  dependencies:
    event-target-shim "^6.0.2"

"react@^16.8.0 || ^17.0.0 || ^18.0.0 || ^19.0.0":
  version "19.1.0"
  resolved "https://registry.npmjs.org/react/-/react-19.1.0.tgz"
  integrity sha512-FS+XFBNvn3GTAWq26joslQgWNoFu08F4kl0J4CgdNKADkdSGXQyTCnKteIAJy96Br6YbpEU1LSzV5dYtjMkMDg==

safe-stable-stringify@^2.4.3:
  version "2.5.0"
  resolved "https://registry.npmjs.org/safe-stable-stringify/-/safe-stable-stringify-2.5.0.tgz"
  integrity sha512-b3rppTKm9T+PsVCBEOUR46GWI7fdOs00VKZ1+9c1EWDaDMvjQc6tUwuFyIprgGgTcWoVHSKrU8H31ZHA2e0RHA==

simple-update-in@^2.2.0:
  version "2.2.0"
  resolved "https://registry.npmjs.org/simple-update-in/-/simple-update-in-2.2.0.tgz"
  integrity sha512-FrW41lLiOs82jKxwq39UrE1HDAHOvirKWk4Nv8tqnFFFknVbTxcHZzDS4vt02qqdU/5+KNsQHWzhKHznDBmrww==

speechstate@^2.12.0:
  version "2.12.0"
  resolved "https://registry.npmjs.org/speechstate/-/speechstate-2.12.0.tgz"
  integrity sha512-MsNBkcFK6m5tEYWjYwk6BLkbxU6139GaXyFkVzsb7NbUDnMVLyLhkvZ1BaC8XGHhHHVb3J95XJYFnORJobV8dA==
  dependencies:
    microsoft-cognitiveservices-speech-sdk "^1.43.1"
    web-speech-cognitive-services "^8.1.1"
    xstate "^5.17.4"

superjson@^1.13.3:
  version "1.13.3"
  resolved "https://registry.npmjs.org/superjson/-/superjson-1.13.3.tgz"
  integrity sha512-mJiVjfd2vokfDxsQPOwJ/PtanO87LhpYY88ubI5dUB1Ab58Txbyje3+jpm+/83R/fevaq/107NNhtYBLuoTrFg==
  dependencies:
    copy-anything "^3.0.2"

use-isomorphic-layout-effect@^1.1.2:
  version "1.2.0"
  resolved "https://registry.npmjs.org/use-isomorphic-layout-effect/-/use-isomorphic-layout-effect-1.2.0.tgz"
  integrity sha512-q6ayo8DWoPZT0VdG4u3D3uxcgONP3Mevx2i2b0434cwWBoL+aelL1DzkXI6w3PhTZzUeR2kaVlZn70iCiseP6w==

use-sync-external-store@^1.2.0:
  version "1.5.0"
  resolved "https://registry.npmjs.org/use-sync-external-store/-/use-sync-external-store-1.5.0.tgz"
  integrity sha512-Rb46I4cGGVBmjamjphe8L/UnvJD+uPPtTkNvX5mZgqdbavhI4EbgIWJiIHXJ8bc/i9EQGPRh4DwEURJ552Do0A==

uuid@^9.0.0, uuid@^9.0.1:
  version "9.0.1"
  resolved "https://registry.npmjs.org/uuid/-/uuid-9.0.1.tgz"
  integrity sha512-b+1eJOlsR9K8HJpow9Ok3fiWOWSIcIzXodvv0rQjVoOVNpWMpxf1wZNpt4y9h10odCNrqnYp1OBzRktckBe3sA==

valibot@^0.42.1:
  version "0.42.1"
  resolved "https://registry.npmjs.org/valibot/-/valibot-0.42.1.tgz"
  integrity sha512-3keXV29Ar5b//Hqi4MbSdV7lfVp6zuYLZuA9V1PvQUsXqogr+u5lvLPLk3A4f74VUXDnf/JfWMN6sB+koJ/FFw==

web-speech-cognitive-services@^8.1.1:
  version "8.1.1"
  resolved "https://registry.npmjs.org/web-speech-cognitive-services/-/web-speech-cognitive-services-8.1.1.tgz"
  integrity sha512-9D7u6108HJipSwYSlMMMBzjF11tR9o4GvCCFNPY2eD17wstg6ZWztkfW3v+JWXHm/3KD50N5gdBNLaweD0qETw==
  dependencies:
    base64-arraybuffer "^1.0.2"
    event-as-promise "^2.0.0"
    event-target-shim "^6.0.2"
    memoize-one "^6.0.0"
    on-error-resume-next "^2.0.2"
    simple-update-in "^2.2.0"
    valibot "^0.42.1"
    web-speech-cognitive-services "^8.1.1"

ws@*, ws@^7.5.6:
  version "7.5.10"
  resolved "https://registry.npmjs.org/ws/-/ws-7.5.10.tgz"
  integrity sha512-+dbF1tHwZpXcbOJdVOkzLDxZP1ailvSxM6ZweXTegylPny803bFhA+vqBYw4s31NSAk4S2Qz+AKXK9a4wkdjcQ==

xstate@^5.17.4, xstate@^5.19.3, xstate@^5.5.1:
  version "5.19.3"
  resolved "https://registry.npmjs.org/xstate/-/xstate-5.19.3.tgz"
  integrity sha512-q6sqD7LuontFVxQoGB7D6NkQRDLzs87qzQhUKvI0osKKK8xxktZBT7uwfisjh7Yi5VB2cN9NOpCSxJNpUPQCeg==
