# This file is generated by running "yarn install" inside your project.
# Manual changes might be lost - proceed with caution!

__metadata:
  version: 6
  cacheKey: 8

"@statelyai/inspect@npm:^0.4.0":
  version: 0.4.0
  resolution: "@statelyai/inspect@npm:0.4.0"
  dependencies:
    fast-safe-stringify: ^2.1.1
    isomorphic-ws: ^5.0.0
    partysocket: ^0.0.25
    safe-stable-stringify: ^2.4.3
    superjson: ^1.13.3
    uuid: ^9.0.1
  peerDependencies:
    xstate: ^5.5.1
  checksum: 3e0c88e19f950138d623d60729c2fa56edf82cb7ac74e16b00390ee6f4aa9304fa5103c60137993505c9f1edf5c8af92602fafd2eb4d38e04e6b626357cc8274
  languageName: node
  linkType: hard

"@types/css-modules@npm:^1.0.5":
  version: 1.0.5
  resolution: "@types/css-modules@npm:1.0.5"
  checksum: c03c110f5af29e2d37594467ceb79e944d61fd22fa84dd057e0f83803bf11e94f6f3d7153695b2baf9a79a99dc6521bda54920d8c06690ed26cf7e1001f88a5c
  languageName: node
  linkType: hard

"@types/webrtc@npm:^0.0.37":
  version: 0.0.37
  resolution: "@types/webrtc@npm:0.0.37"
  checksum: 8089196aceb5edf6b9b0905929b1601cbabdd84297933b07393b77b4f379161bba548b24075c44772026d9f4cafd048f6643a662c3ad9240201eaf706f141ce5
  languageName: node
  linkType: hard

"@xstate/react@npm:^5.0.4":
  version: 5.0.4
  resolution: "@xstate/react@npm:5.0.4"
  dependencies:
    use-isomorphic-layout-effect: ^1.1.2
    use-sync-external-store: ^1.2.0
  peerDependencies:
    react: ^16.8.0 || ^17.0.0 || ^18.0.0 || ^19.0.0
    xstate: ^5.19.3
  peerDependenciesMeta:
    xstate:
      optional: true
  checksum: d0434e743c8ca6f54e7eb122e06df90c2435648e83c0aee31bd75bb743f24f6fdcb38be445d3903cb5ff2ae25490c62a757ec8103c67a35d205c79e530a99964
  languageName: node
  linkType: hard

"agent-base@npm:5":
  version: 5.1.1
  resolution: "agent-base@npm:5.1.1"
  checksum: 61ae789f3019f1dc10e8cba6d3ae9826949299a4e54aaa1cfa2fa37c95a108e70e95423b963bb987d7891a703fd9a5c383a506f4901819f3ee56f3147c0aa8ab
  languageName: node
  linkType: hard

"agent-base@npm:^6.0.1":
  version: 6.0.2
  resolution: "agent-base@npm:6.0.2"
  dependencies:
    debug: 4
  checksum: f52b6872cc96fd5f622071b71ef200e01c7c4c454ee68bc9accca90c98cfb39f2810e3e9aa330435835eedc8c23f4f8a15267f67c6e245d2b33757575bdac49d
  languageName: node
  linkType: hard

"base64-arraybuffer@npm:^1.0.2":
  version: 1.0.2
  resolution: "base64-arraybuffer@npm:1.0.2"
  checksum: 15e6400d2d028bf18be4ed97702b11418f8f8779fb8c743251c863b726638d52f69571d4cc1843224da7838abef0949c670bde46936663c45ad078e89fee5c62
  languageName: node
  linkType: hard

"bent@npm:^7.3.12":
  version: 7.3.12
  resolution: "bent@npm:7.3.12"
  dependencies:
    bytesish: ^0.4.1
    caseless: ~0.12.0
    is-stream: ^2.0.0
  checksum: b0c08f6fa204baec0841021f5cff49aba929bbff28089bbac0d446122aa5f8e10b1b6837310b0800717cbf431c984bead2ed130bec35045d4ea688d896458d54
  languageName: node
  linkType: hard

"bytesish@npm:^0.4.1":
  version: 0.4.4
  resolution: "bytesish@npm:0.4.4"
  checksum: 50a6c9423f66fff984676ee1d3c5f12d2a23830cb5de81abc597415aa2f51cc617b251d660eede10b8e45bf3a3a5c31d4be467ec69888f31ccc66e90cb586ad5
  languageName: node
  linkType: hard

"caseless@npm:~0.12.0":
  version: 0.12.0
  resolution: "caseless@npm:0.12.0"
  checksum: b43bd4c440aa1e8ee6baefee8063b4850fd0d7b378f6aabc796c9ec8cb26d27fb30b46885350777d9bd079c5256c0e1329ad0dc7c2817e0bb466810ebb353751
  languageName: node
  linkType: hard

"copy-anything@npm:^3.0.2":
  version: 3.0.5
  resolution: "copy-anything@npm:3.0.5"
  dependencies:
    is-what: ^4.1.8
  checksum: d39f6601c16b7cbd81cdb1c1f40f2bf0f2ca0297601cf7bfbb4ef1d85374a6a89c559502329f5bada36604464df17623e111fe19a9bb0c3f6b1c92fe2cbe972f
  languageName: node
  linkType: hard

"debug@npm:4":
  version: 4.4.0
  resolution: "debug@npm:4.4.0"
  dependencies:
    ms: ^2.1.3
  peerDependenciesMeta:
    supports-color:
      optional: true
  checksum: fb42df878dd0e22816fc56e1fdca9da73caa85212fbe40c868b1295a6878f9101ae684f4eeef516c13acfc700f5ea07f1136954f43d4cd2d477a811144136479
  languageName: node
  linkType: hard

"event-as-promise@npm:^2.0.0":
  version: 2.0.0
  resolution: "event-as-promise@npm:2.0.0"
  dependencies:
    event-as-promise: ^2.0.0
  checksum: 802a80e686b01903a754eef647cffe7d5a69901ebc25735f2606ebaf4dd478c97ddb0dfa3c1c32630b9bd5a1d590bb11b621c953b93aedc7ee1ee9edd2b67b6a
  languageName: node
  linkType: hard

"event-target-shim@npm:^6.0.2":
  version: 6.0.2
  resolution: "event-target-shim@npm:6.0.2"
  checksum: 9be93437e5b84056a7dc70af8b8962f4ef7f6fd41a988efcd39dfa2853e33242a4058e0dac9cc589cb16ed7409010590ac8cbcc2e3f823100cd337e13be953a0
  languageName: node
  linkType: hard

"fast-safe-stringify@npm:^2.1.1":
  version: 2.1.1
  resolution: "fast-safe-stringify@npm:2.1.1"
  checksum: a851cbddc451745662f8f00ddb622d6766f9bd97642dabfd9a405fb0d646d69fc0b9a1243cbf67f5f18a39f40f6fa821737651ff1bceeba06c9992ca2dc5bd3d
  languageName: node
  linkType: hard

"https-proxy-agent@npm:^4.0.0":
  version: 4.0.0
  resolution: "https-proxy-agent@npm:4.0.0"
  dependencies:
    agent-base: 5
    debug: 4
  checksum: 19471d5aae3e747b1c98b17556647e2a1362e68220c6b19585a8527498f32e62e03c41d2872d059d8720d56846bd7460a80ac06f876bccfa786468ff40dd5eef
  languageName: node
  linkType: hard

"is-stream@npm:^2.0.0":
  version: 2.0.1
  resolution: "is-stream@npm:2.0.1"
  checksum: b8e05ccdf96ac330ea83c12450304d4a591f9958c11fd17bed240af8d5ffe08aedafa4c0f4cfccd4d28dc9d4d129daca1023633d5c11601a6cbc77521f6fae66
  languageName: node
  linkType: hard

"is-what@npm:^4.1.8":
  version: 4.1.16
  resolution: "is-what@npm:4.1.16"
  checksum: baf99e4b9f06003ceb3b2eea4a1e17179524ee3a6310dc44903eb675cfe3c0a17819ab057bb1ae6ba7ca4939ae4bdfcc6a0c4210a8457aff1756abd3607b713c
  languageName: node
  linkType: hard

"isomorphic-ws@npm:^5.0.0":
  version: 5.0.0
  resolution: "isomorphic-ws@npm:5.0.0"
  peerDependencies:
    ws: "*"
  checksum: e20eb2aee09ba96247465fda40c6d22c1153394c0144fa34fe6609f341af4c8c564f60ea3ba762335a7a9c306809349f9b863c8beedf2beea09b299834ad5398
  languageName: node
  linkType: hard

"memoize-one@npm:^6.0.0":
  version: 6.0.0
  resolution: "memoize-one@npm:6.0.0"
  checksum: f185ea69f7cceae5d1cb596266dcffccf545e8e7b4106ec6aa93b71ab9d16460dd118ac8b12982c55f6d6322fcc1485de139df07eacffaae94888b9b3ad7675f
  languageName: node
  linkType: hard

"microsoft-cognitiveservices-speech-sdk@npm:^1.43.1":
  version: 1.43.1
  resolution: "microsoft-cognitiveservices-speech-sdk@npm:1.43.1"
  dependencies:
    "@types/webrtc": ^0.0.37
    agent-base: ^6.0.1
    bent: ^7.3.12
    https-proxy-agent: ^4.0.0
    uuid: ^9.0.0
    ws: ^7.5.6
  checksum: 70dab63ed0a92fa965d32dbe0dde06038bc9f45eebe55551d91f8e1f65e9b1e49f4941f89c15bc562de82a91e00ce2bbe75977447b6ea34a5665e59bb0e28e14
  languageName: node
  linkType: hard

"ms@npm:^2.1.3":
  version: 2.1.3
  resolution: "ms@npm:2.1.3"
  checksum: aa92de608021b242401676e35cfa5aa42dd70cbdc082b916da7fb925c542173e36bce97ea3e804923fe92c0ad991434e4a38327e15a1b5b5f945d66df615ae6d
  languageName: node
  linkType: hard

"on-error-resume-next@npm:^2.0.2":
  version: 2.0.2
  resolution: "on-error-resume-next@npm:2.0.2"
  dependencies:
    on-error-resume-next: ^2.0.2
  checksum: f5681f08911831dd53d52f4fda772861086aa1161b2d2932ffcaa3923f3cee1d9619e11013b7be846594f772e2ba1a8d4d628de360efb5fb9e59fa8566fc62f9
  languageName: node
  linkType: hard

"partysocket@npm:^0.0.25":
  version: 0.0.25
  resolution: "partysocket@npm:0.0.25"
  dependencies:
    event-target-shim: ^6.0.2
  checksum: d020bfc9cee0ddc94ed21081595762249d67f425853b1d663ce6cdf8b6b67680685aa150a6f6e8115b1d4d2a250fccfd43851a50296cb42b9e6fbcc8711abe88
  languageName: node
  linkType: hard

"root-workspace-0b6124@workspace:.":
  version: 0.0.0-use.local
  resolution: "root-workspace-0b6124@workspace:."
  dependencies:
    "@statelyai/inspect": ^0.4.0
    "@types/css-modules": ^1.0.5
    "@xstate/react": ^5.0.4
    speechstate: ^2.12.0
    xstate: ^5.19.3
  languageName: unknown
  linkType: soft

"safe-stable-stringify@npm:^2.4.3":
  version: 2.5.0
  resolution: "safe-stable-stringify@npm:2.5.0"
  checksum: d3ce103ed43c6c2f523e39607208bfb1c73aa48179fc5be53c3aa97c118390bffd4d55e012f5393b982b65eb3e0ee954dd57b547930d3f242b0053dcdb923d17
  languageName: node
  linkType: hard

"simple-update-in@npm:^2.2.0":
  version: 2.2.0
  resolution: "simple-update-in@npm:2.2.0"
  checksum: 4d5893fdd5726c8a5986a9238f4fca750476c650c362bcf86050d5abd068a0b5ccaa753f5a64ebd9daa07c92f0f3a2354de38b9feeaaee05853285454775fd53
  languageName: node
  linkType: hard

"speechstate@npm:^2.12.0":
  version: 2.12.0
  resolution: "speechstate@npm:2.12.0"
  dependencies:
    microsoft-cognitiveservices-speech-sdk: ^1.43.1
    web-speech-cognitive-services: ^8.1.1
    xstate: ^5.17.4
  checksum: 30801d8243769834c8e4ec3ae049ca30e5e91f3175ce9a10fd787570981a2da3de93199d2312b56995df0f9fe3221c590601b36563a8984f7dbe5caf4a0cb36a
  languageName: node
  linkType: hard

"superjson@npm:^1.13.3":
  version: 1.13.3
  resolution: "superjson@npm:1.13.3"
  dependencies:
    copy-anything: ^3.0.2
  checksum: f5aeb010f24163cb871a4bc402d9164112201c059afc247a75b03131c274aea6eec9cf08be9e4a9465fe4961689009a011584528531d52f7cc91c077e07e5c75
  languageName: node
  linkType: hard

"use-isomorphic-layout-effect@npm:^1.1.2":
  version: 1.2.0
  resolution: "use-isomorphic-layout-effect@npm:1.2.0"
  peerDependencies:
    react: ^16.8.0 || ^17.0.0 || ^18.0.0 || ^19.0.0
  peerDependenciesMeta:
    "@types/react":
      optional: true
  checksum: 84fc1074b4e3ee2886fde944baef4ec210453fc78861429fe50ae97be8209e492f18c059c6b2ff1a21df231d72d1638707dabca889bd9d7bee36f21c196a0d19
  languageName: node
  linkType: hard

"use-sync-external-store@npm:^1.2.0":
  version: 1.5.0
  resolution: "use-sync-external-store@npm:1.5.0"
  peerDependencies:
    react: ^16.8.0 || ^17.0.0 || ^18.0.0 || ^19.0.0
  checksum: 5e639c9273200adb6985b512c96a3a02c458bc8ca1a72e91da9cdc6426144fc6538dca434b0f99b28fb1baabc82e1c383ba7900b25ccdcb43758fb058dc66c34
  languageName: node
  linkType: hard

"uuid@npm:^9.0.0, uuid@npm:^9.0.1":
  version: 9.0.1
  resolution: "uuid@npm:9.0.1"
  bin:
    uuid: dist/bin/uuid
  checksum: 39931f6da74e307f51c0fb463dc2462807531dc80760a9bff1e35af4316131b4fc3203d16da60ae33f07fdca5b56f3f1dd662da0c99fea9aaeab2004780cc5f4
  languageName: node
  linkType: hard

"valibot@npm:^0.42.1":
  version: 0.42.1
  resolution: "valibot@npm:0.42.1"
  peerDependencies:
    typescript: ">=5"
  peerDependenciesMeta:
    typescript:
      optional: true
  checksum: 9fe4b6f32e45807688ed86b47f55f3e36ce92e0429685c214ec8746ad6e9d50410a91fdeeb554fff58a8951ff159e8065f1cbb22b64f1497d3c9b1f4a6e737de
  languageName: node
  linkType: hard

"web-speech-cognitive-services@npm:^8.1.1":
  version: 8.1.1
  resolution: "web-speech-cognitive-services@npm:8.1.1"
  dependencies:
    base64-arraybuffer: ^1.0.2
    event-as-promise: ^2.0.0
    event-target-shim: ^6.0.2
    memoize-one: ^6.0.0
    on-error-resume-next: ^2.0.2
    simple-update-in: ^2.2.0
    valibot: ^0.42.1
    web-speech-cognitive-services: ^8.1.1
  peerDependencies:
    microsoft-cognitiveservices-speech-sdk: ^1.17.0
  checksum: 116029483468de0eafa0b8aa022d7060223cb688ca8988a633d9041e07184d870b83fabe0182cf2778da369a52d30e728ee9bda22a4da63e4faa68a1031ff957
  languageName: node
  linkType: hard

"ws@npm:^7.5.6":
  version: 7.5.10
  resolution: "ws@npm:7.5.10"
  peerDependencies:
    bufferutil: ^4.0.1
    utf-8-validate: ^5.0.2
  peerDependenciesMeta:
    bufferutil:
      optional: true
    utf-8-validate:
      optional: true
  checksum: f9bb062abf54cc8f02d94ca86dcd349c3945d63851f5d07a3a61c2fcb755b15a88e943a63cf580cbdb5b74436d67ef6b67f745b8f7c0814e411379138e1863cb
  languageName: node
  linkType: hard

"xstate@npm:^5.17.4, xstate@npm:^5.19.3":
  version: 5.19.3
  resolution: "xstate@npm:5.19.3"
  checksum: 56df6ba2f994738cbed60d1d2dd284fb0c907597b431c1af5a7bb3c80c55fae02e80576aa05a829abe7e7fec8678447e56bc6f6449a2f95262ccb13622729d64
  languageName: node
  linkType: hard
